// !$*UTF8*$!
{
	archiveVersion = 1;
	classes = {
	};
	objectVersion = 52;
	objects = {

/* Begin PBXBuildFile section */
		019A5A8D24659E42007650BD /* AppDelegate.swift in Sources */ = {isa = PBXBuildFile; fileRef = 019A5A8C24659E42007650BD /* AppDelegate.swift */; };
		019A5A9424659E42007650BD /* Main.storyboard in Resources */ = {isa = PBXBuildFile; fileRef = 019A5A9224659E42007650BD /* Main.storyboard */; };
		019A5A9624659E45007650BD /* Assets.xcassets in Resources */ = {isa = PBXBuildFile; fileRef = 019A5A9524659E45007650BD /* Assets.xcassets */; };
		019A5A9924659E45007650BD /* LaunchScreen.storyboard in Resources */ = {isa = PBXBuildFile; fileRef = 019A5A9724659E45007650BD /* LaunchScreen.storyboard */; };
		01B8FD77247C38B200950C50 /* ImagesAPIResponse.swift in Sources */ = {isa = PBXBuildFile; fileRef = 01B8FD76247C38B200950C50 /* ImagesAPIResponse.swift */; };
		01B8FD79247C3A3400950C50 /* TableViewController.swift in Sources */ = {isa = PBXBuildFile; fileRef = 01B8FD78247C3A3400950C50 /* TableViewController.swift */; };
		01B8FD7C247C404900950C50 /* RxSwift in Frameworks */ = {isa = PBXBuildFile; productRef = 01B8FD7B247C404900950C50 /* RxSwift */; };
		01B8FD7F247C407000950C50 /* SDWebImage in Frameworks */ = {isa = PBXBuildFile; productRef = 01B8FD7E247C407000950C50 /* SDWebImage */; };
		01B8FD81247CF4A900950C50 /* Interactor.swift in Sources */ = {isa = PBXBuildFile; fileRef = 01B8FD80247CF4A900950C50 /* Interactor.swift */; };
		01B8FD83247CF4FE00950C50 /* Presenter.swift in Sources */ = {isa = PBXBuildFile; fileRef = 01B8FD82247CF4FE00950C50 /* Presenter.swift */; };
		01B8FD85247CFEE800950C50 /* ImageModel.swift in Sources */ = {isa = PBXBuildFile; fileRef = 01B8FD84247CFEE800950C50 /* ImageModel.swift */; };
		01B8FD87247D001100950C50 /* TableViewCell.swift in Sources */ = {isa = PBXBuildFile; fileRef = 01B8FD86247D001100950C50 /* TableViewCell.swift */; };
		01B8FD89247D018400950C50 /* APIModule.swift in Sources */ = {isa = PBXBuildFile; fileRef = 01B8FD88247D018400950C50 /* APIModule.swift */; };
		01B8FD8C247D025200950C50 /* Router.swift in Sources */ = {isa = PBXBuildFile; fileRef = 01B8FD8B247D025200950C50 /* Router.swift */; };
/* End PBXBuildFile section */

/* Begin PBXFileReference section */
		019A5A8924659E42007650BD /* VIPER Demo.app */ = {isa = PBXFileReference; explicitFileType = wrapper.application; includeInIndex = 0; path = "VIPER Demo.app"; sourceTree = BUILT_PRODUCTS_DIR; };
		019A5A8C24659E42007650BD /* AppDelegate.swift */ = {isa = PBXFileReference; lastKnownFileType = sourcecode.swift; path = AppDelegate.swift; sourceTree = "<group>"; };
		019A5A9324659E42007650BD /* Base */ = {isa = PBXFileReference; lastKnownFileType = file.storyboard; name = Base; path = Base.lproj/Main.storyboard; sourceTree = "<group>"; };
		019A5A9524659E45007650BD /* Assets.xcassets */ = {isa = PBXFileReference; lastKnownFileType = folder.assetcatalog; path = Assets.xcassets; sourceTree = "<group>"; };
		019A5A9824659E45007650BD /* Base */ = {isa = PBXFileReference; lastKnownFileType = file.storyboard; name = Base; path = Base.lproj/LaunchScreen.storyboard; sourceTree = "<group>"; };
		019A5A9A24659E45007650BD /* Info.plist */ = {isa = PBXFileReference; lastKnownFileType = text.plist.xml; path = Info.plist; sourceTree = "<group>"; };
		01B8FD76247C38B200950C50 /* ImagesAPIResponse.swift */ = {isa = PBXFileReference; lastKnownFileType = sourcecode.swift; path = ImagesAPIResponse.swift; sourceTree = "<group>"; };
		01B8FD78247C3A3400950C50 /* TableViewController.swift */ = {isa = PBXFileReference; lastKnownFileType = sourcecode.swift; path = TableViewController.swift; sourceTree = "<group>"; };
		01B8FD80247CF4A900950C50 /* Interactor.swift */ = {isa = PBXFileReference; lastKnownFileType = sourcecode.swift; path = Interactor.swift; sourceTree = "<group>"; };
		01B8FD82247CF4FE00950C50 /* Presenter.swift */ = {isa = PBXFileReference; lastKnownFileType = sourcecode.swift; path = Presenter.swift; sourceTree = "<group>"; };
		01B8FD84247CFEE800950C50 /* ImageModel.swift */ = {isa = PBXFileReference; lastKnownFileType = sourcecode.swift; path = ImageModel.swift; sourceTree = "<group>"; };
		01B8FD86247D001100950C50 /* TableViewCell.swift */ = {isa = PBXFileReference; lastKnownFileType = sourcecode.swift; path = TableViewCell.swift; sourceTree = "<group>"; };
		01B8FD88247D018400950C50 /* APIModule.swift */ = {isa = PBXFileReference; lastKnownFileType = sourcecode.swift; path = APIModule.swift; sourceTree = "<group>"; };
		01B8FD8B247D025200950C50 /* Router.swift */ = {isa = PBXFileReference; lastKnownFileType = sourcecode.swift; path = Router.swift; sourceTree = "<group>"; };
/* End PBXFileReference section */

/* Begin PBXFrameworksBuildPhase section */
		019A5A8624659E42007650BD /* Frameworks */ = {
			isa = PBXFrameworksBuildPhase;
			buildActionMask = 2147483647;
			files = (
				01B8FD7F247C407000950C50 /* SDWebImage in Frameworks */,
				01B8FD7C247C404900950C50 /* RxSwift in Frameworks */,
			);
			runOnlyForDeploymentPostprocessing = 0;
		};
/* End PBXFrameworksBuildPhase section */

/* Begin PBXGroup section */
		019A5A8024659E42007650BD = {
			isa = PBXGroup;
			children = (
				019A5A8B24659E42007650BD /* VIPER Demo */,
				019A5A8A24659E42007650BD /* Products */,
				5ADA8C819C293EF7AEFF2417 /* Pods */,
			);
			sourceTree = "<group>";
		};
		019A5A8A24659E42007650BD /* Products */ = {
			isa = PBXGroup;
			children = (
				019A5A8924659E42007650BD /* VIPER Demo.app */,
			);
			name = Products;
			sourceTree = "<group>";
		};
		019A5A8B24659E42007650BD /* VIPER Demo */ = {
			isa = PBXGroup;
			children = (
				019A5A8C24659E42007650BD /* AppDelegate.swift */,
				01B8FD8A247D022E00950C50 /* Network Module */,
				019A5A9224659E42007650BD /* Main.storyboard */,
				019A5AA5246694DD007650BD /* Modules */,
				019A5A9524659E45007650BD /* Assets.xcassets */,
				019A5A9724659E45007650BD /* LaunchScreen.storyboard */,
				019A5A9A24659E45007650BD /* Info.plist */,
			);
			path = "VIPER Demo";
			sourceTree = "<group>";
		};
		019A5AA024669484007650BD /* Presenter */ = {
			isa = PBXGroup;
			children = (
				01B8FD82247CF4FE00950C50 /* Presenter.swift */,
			);
			path = Presenter;
			sourceTree = "<group>";
		};
		019A5AA124669494007650BD /* View */ = {
			isa = PBXGroup;
			children = (
				01B8FD78247C3A3400950C50 /* TableViewController.swift */,
				01B8FD86247D001100950C50 /* TableViewCell.swift */,
			);
			path = View;
			sourceTree = "<group>";
		};
		019A5AA22466949C007650BD /* Interactor */ = {
			isa = PBXGroup;
			children = (
				01B8FD80247CF4A900950C50 /* Interactor.swift */,
			);
			path = Interactor;
			sourceTree = "<group>";
		};
		019A5AA3246694B4007650BD /* Entity */ = {
			isa = PBXGroup;
			children = (
				01B8FD84247CFEE800950C50 /* ImageModel.swift */,
			);
			path = Entity;
			sourceTree = "<group>";
		};
		019A5AA4246694C6007650BD /* Router */ = {
			isa = PBXGroup;
			children = (
				01B8FD8B247D025200950C50 /* Router.swift */,
			);
			path = Router;
			sourceTree = "<group>";
		};
		019A5AA5246694DD007650BD /* Modules */ = {
			isa = PBXGroup;
			children = (
				019A5AA124669494007650BD /* View */,
				019A5AA22466949C007650BD /* Interactor */,
				019A5AA024669484007650BD /* Presenter */,
				019A5AA3246694B4007650BD /* Entity */,
				019A5AA4246694C6007650BD /* Router */,
			);
			path = Modules;
			sourceTree = "<group>";
		};
		01B8FD8A247D022E00950C50 /* Network Module */ = {
			isa = PBXGroup;
			children = (
				01B8FD88247D018400950C50 /* APIModule.swift */,
				01B8FD76247C38B200950C50 /* ImagesAPIResponse.swift */,
			);
			path = "Network Module";
			sourceTree = "<group>";
		};
		5ADA8C819C293EF7AEFF2417 /* Pods */ = {
			isa = PBXGroup;
			children = (
			);
			path = Pods;
			sourceTree = "<group>";
		};
/* End PBXGroup section */

/* Begin PBXNativeTarget section */
		019A5A8824659E42007650BD /* VIPER Demo */ = {
			isa = PBXNativeTarget;
			buildConfigurationList = 019A5A9D24659E45007650BD /* Build configuration list for PBXNativeTarget "VIPER Demo" */;
			buildPhases = (
				019A5A8524659E42007650BD /* Sources */,
				019A5A8624659E42007650BD /* Frameworks */,
				019A5A8724659E42007650BD /* Resources */,
			);
			buildRules = (
			);
			dependencies = (
			);
			name = "VIPER Demo";
			packageProductDependencies = (
				01B8FD7B247C404900950C50 /* RxSwift */,
				01B8FD7E247C407000950C50 /* SDWebImage */,
			);
			productName = "VIPER Demo";
			productReference = 019A5A8924659E42007650BD /* VIPER Demo.app */;
			productType = "com.apple.product-type.application";
		};
/* End PBXNativeTarget section */

/* Begin PBXProject section */
		019A5A8124659E42007650BD /* Project object */ = {
			isa = PBXProject;
			attributes = {
				LastSwiftUpdateCheck = 1120;
				LastUpgradeCheck = 1120;
				ORGANIZATIONNAME = "Emirates NBD";
				TargetAttributes = {
					019A5A8824659E42007650BD = {
						CreatedOnToolsVersion = 11.2.1;
					};
				};
			};
			buildConfigurationList = 019A5A8424659E42007650BD /* Build configuration list for PBXProject "VIPER Demo" */;
			compatibilityVersion = "Xcode 9.3";
			developmentRegion = en;
			hasScannedForEncodings = 0;
			knownRegions = (
				en,
				Base,
			);
			mainGroup = 019A5A8024659E42007650BD;
			packageReferences = (
				01B8FD7A247C404900950C50 /* XCRemoteSwiftPackageReference "RxSwift" */,
				01B8FD7D247C406F00950C50 /* XCRemoteSwiftPackageReference "SDWebImage" */,
			);
			productRefGroup = 019A5A8A24659E42007650BD /* Products */;
			projectDirPath = "";
			projectRoot = "";
			targets = (
				019A5A8824659E42007650BD /* VIPER Demo */,
			);
		};
/* End PBXProject section */

/* Begin PBXResourcesBuildPhase section */
		019A5A8724659E42007650BD /* Resources */ = {
			isa = PBXResourcesBuildPhase;
			buildActionMask = 2147483647;
			files = (
				019A5A9924659E45007650BD /* LaunchScreen.storyboard in Resources */,
				019A5A9624659E45007650BD /* Assets.xcassets in Resources */,
				019A5A9424659E42007650BD /* Main.storyboard in Resources */,
			);
			runOnlyForDeploymentPostprocessing = 0;
		};
/* End PBXResourcesBuildPhase section */

/* Begin PBXSourcesBuildPhase section */
		019A5A8524659E42007650BD /* Sources */ = {
			isa = PBXSourcesBuildPhase;
			buildActionMask = 2147483647;
			files = (
				01B8FD83247CF4FE00950C50 /* Presenter.swift in Sources */,
				01B8FD87247D001100950C50 /* TableViewCell.swift in Sources */,
				01B8FD8C247D025200950C50 /* Router.swift in Sources */,
				01B8FD89247D018400950C50 /* APIModule.swift in Sources */,
				01B8FD77247C38B200950C50 /* ImagesAPIResponse.swift in Sources */,
				019A5A8D24659E42007650BD /* AppDelegate.swift in Sources */,
				01B8FD81247CF4A900950C50 /* Interactor.swift in Sources */,
				01B8FD79247C3A3400950C50 /* TableViewController.swift in Sources */,
				01B8FD85247CFEE800950C50 /* ImageModel.swift in Sources */,
			);
			runOnlyForDeploymentPostprocessing = 0;
		};
/* End PBXSourcesBuildPhase section */

/* Begin PBXVariantGroup section */
		019A5A9224659E42007650BD /* Main.storyboard */ = {
			isa = PBXVariantGroup;
			children = (
				019A5A9324659E42007650BD /* Base */,
			);
			name = Main.storyboard;
			sourceTree = "<group>";
		};
		019A5A9724659E45007650BD /* LaunchScreen.storyboard */ = {
			isa = PBXVariantGroup;
			children = (
				019A5A9824659E45007650BD /* Base */,
			);
			name = LaunchScreen.storyboard;
			sourceTree = "<group>";
		};
/* End PBXVariantGroup section */

/* Begin XCBuildConfiguration section */
		019A5A9B24659E45007650BD /* Debug */ = {
			isa = XCBuildConfiguration;
			buildSettings = {
				ALWAYS_SEARCH_USER_PATHS = NO;
				CLANG_ANALYZER_NONNULL = YES;
				CLANG_ANALYZER_NUMBER_OBJECT_CONVERSION = YES_AGGRESSIVE;
				CLANG_CXX_LANGUAGE_STANDARD = "gnu++14";
				CLANG_CXX_LIBRARY = "libc++";
				CLANG_ENABLE_MODULES = YES;
				CLANG_ENABLE_OBJC_ARC = YES;
				CLANG_ENABLE_OBJC_WEAK = YES;
				CLANG_WARN_BLOCK_CAPTURE_AUTORELEASING = YES;
				CLANG_WARN_BOOL_CONVERSION = YES;
				CLANG_WARN_COMMA = YES;
				CLANG_WARN_CONSTANT_CONVERSION = YES;
				CLANG_WARN_DEPRECATED_OBJC_IMPLEMENTATIONS = YES;
				CLANG_WARN_DIRECT_OBJC_ISA_USAGE = YES_ERROR;
				CLANG_WARN_DOCUMENTATION_COMMENTS = YES;
				CLANG_WARN_EMPTY_BODY = YES;
				CLANG_WARN_ENUM_CONVERSION = YES;
				CLANG_WARN_INFINITE_RECURSION = YES;
				CLANG_WARN_INT_CONVERSION = YES;
				CLANG_WARN_NON_LITERAL_NULL_CONVERSION = YES;
				CLANG_WARN_OBJC_IMPLICIT_RETAIN_SELF = YES;
				CLANG_WARN_OBJC_LITERAL_CONVERSION = YES;
				CLANG_WARN_OBJC_ROOT_CLASS = YES_ERROR;
				CLANG_WARN_RANGE_LOOP_ANALYSIS = YES;
				CLANG_WARN_STRICT_PROTOTYPES = YES;
				CLANG_WARN_SUSPICIOUS_MOVE = YES;
				CLANG_WARN_UNGUARDED_AVAILABILITY = YES_AGGRESSIVE;
				CLANG_WARN_UNREACHABLE_CODE = YES;
				CLANG_WARN__DUPLICATE_METHOD_MATCH = YES;
				COPY_PHASE_STRIP = NO;
				DEBUG_INFORMATION_FORMAT = dwarf;
				ENABLE_STRICT_OBJC_MSGSEND = YES;
				ENABLE_TESTABILITY = YES;
				GCC_C_LANGUAGE_STANDARD = gnu11;
				GCC_DYNAMIC_NO_PIC = NO;
				GCC_NO_COMMON_BLOCKS = YES;
				GCC_OPTIMIZATION_LEVEL = 0;
				GCC_PREPROCESSOR_DEFINITIONS = (
					"DEBUG=1",
					"$(inherited)",
				);
				GCC_WARN_64_TO_32_BIT_CONVERSION = YES;
				GCC_WARN_ABOUT_RETURN_TYPE = YES_ERROR;
				GCC_WARN_UNDECLARED_SELECTOR = YES;
				GCC_WARN_UNINITIALIZED_AUTOS = YES_AGGRESSIVE;
				GCC_WARN_UNUSED_FUNCTION = YES;
				GCC_WARN_UNUSED_VARIABLE = YES;
				IPHONEOS_DEPLOYMENT_TARGET = 13.2;
				MTL_ENABLE_DEBUG_INFO = INCLUDE_SOURCE;
				MTL_FAST_MATH = YES;
				ONLY_ACTIVE_ARCH = YES;
				SDKROOT = iphoneos;
				SWIFT_ACTIVE_COMPILATION_CONDITIONS = DEBUG;
				SWIFT_OPTIMIZATION_LEVEL = "-Onone";
			};
			name = Debug;
		};
		019A5A9C24659E45007650BD /* Release */ = {
			isa = XCBuildConfiguration;
			buildSettings = {
				ALWAYS_SEARCH_USER_PATHS = NO;
				CLANG_ANALYZER_NONNULL = YES;
				CLANG_ANALYZER_NUMBER_OBJECT_CONVERSION = YES_AGGRESSIVE;
				CLANG_CXX_LANGUAGE_STANDARD = "gnu++14";
				CLANG_CXX_LIBRARY = "libc++";
				CLANG_ENABLE_MODULES = YES;
				CLANG_ENABLE_OBJC_ARC = YES;
				CLANG_ENABLE_OBJC_WEAK = YES;
				CLANG_WARN_BLOCK_CAPTURE_AUTORELEASING = YES;
				CLANG_WARN_BOOL_CONVERSION = YES;
				CLANG_WARN_COMMA = YES;
				CLANG_WARN_CONSTANT_CONVERSION = YES;
				CLANG_WARN_DEPRECATED_OBJC_IMPLEMENTATIONS = YES;
				CLANG_WARN_DIRECT_OBJC_ISA_USAGE = YES_ERROR;
				CLANG_WARN_DOCUMENTATION_COMMENTS = YES;
				CLANG_WARN_EMPTY_BODY = YES;
				CLANG_WARN_ENUM_CONVERSION = YES;
				CLANG_WARN_INFINITE_RECURSION = YES;
				CLANG_WARN_INT_CONVERSION = YES;
				CLANG_WARN_NON_LITERAL_NULL_CONVERSION = YES;
				CLANG_WARN_OBJC_IMPLICIT_RETAIN_SELF = YES;
				CLANG_WARN_OBJC_LITERAL_CONVERSION = YES;
				CLANG_WARN_OBJC_ROOT_CLASS = YES_ERROR;
				CLANG_WARN_RANGE_LOOP_ANALYSIS = YES;
				CLANG_WARN_STRICT_PROTOTYPES = YES;
				CLANG_WARN_SUSPICIOUS_MOVE = YES;
				CLANG_WARN_UNGUARDED_AVAILABILITY = YES_AGGRESSIVE;
				CLANG_WARN_UNREACHABLE_CODE = YES;
				CLANG_WARN__DUPLICATE_METHOD_MATCH = YES;
				COPY_PHASE_STRIP = NO;
				DEBUG_INFORMATION_FORMAT = "dwarf-with-dsym";
				ENABLE_NS_ASSERTIONS = NO;
				ENABLE_STRICT_OBJC_MSGSEND = YES;
				GCC_C_LANGUAGE_STANDARD = gnu11;
				GCC_NO_COMMON_BLOCKS = YES;
				GCC_WARN_64_TO_32_BIT_CONVERSION = YES;
				GCC_WARN_ABOUT_RETURN_TYPE = YES_ERROR;
				GCC_WARN_UNDECLARED_SELECTOR = YES;
				GCC_WARN_UNINITIALIZED_AUTOS = YES_AGGRESSIVE;
				GCC_WARN_UNUSED_FUNCTION = YES;
				GCC_WARN_UNUSED_VARIABLE = YES;
				IPHONEOS_DEPLOYMENT_TARGET = 13.2;
				MTL_ENABLE_DEBUG_INFO = NO;
				MTL_FAST_MATH = YES;
				SDKROOT = iphoneos;
				SWIFT_COMPILATION_MODE = wholemodule;
				SWIFT_OPTIMIZATION_LEVEL = "-O";
				VALIDATE_PRODUCT = YES;
			};
			name = Release;
		};
		019A5A9E24659E45007650BD /* Debug */ = {
			isa = XCBuildConfiguration;
			buildSettings = {
				ASSETCATALOG_COMPILER_APPICON_NAME = AppIcon;
				CODE_SIGN_STYLE = Automatic;
				INFOPLIST_FILE = "VIPER Demo/Info.plist";
				LD_RUNPATH_SEARCH_PATHS = (
					"$(inherited)",
					"@executable_path/Frameworks",
				);
				PRODUCT_BUNDLE_IDENTIFIER = "com.AB.VIPER-Demo";
				PRODUCT_NAME = "$(TARGET_NAME)";
				SWIFT_VERSION = 5.0;
				TARGETED_DEVICE_FAMILY = "1,2";
			};
			name = Debug;
		};
		019A5A9F24659E45007650BD /* Release */ = {
			isa = XCBuildConfiguration;
			buildSettings = {
				ASSETCATALOG_COMPILER_APPICON_NAME = AppIcon;
				CODE_SIGN_STYLE = Automatic;
				INFOPLIST_FILE = "VIPER Demo/Info.plist";
				LD_RUNPATH_SEARCH_PATHS = (
					"$(inherited)",
					"@executable_path/Frameworks",
				);
				PRODUCT_BUNDLE_IDENTIFIER = "com.AB.VIPER-Demo";
				PRODUCT_NAME = "$(TARGET_NAME)";
				SWIFT_VERSION = 5.0;
				TARGETED_DEVICE_FAMILY = "1,2";
			};
			name = Release;
		};
/* End XCBuildConfiguration section */

/* Begin XCConfigurationList section */
		019A5A8424659E42007650BD /* Build configuration list for PBXProject "VIPER Demo" */ = {
			isa = XCConfigurationList;
			buildConfigurations = (
				019A5A9B24659E45007650BD /* Debug */,
				019A5A9C24659E45007650BD /* Release */,
			);
			defaultConfigurationIsVisible = 0;
			defaultConfigurationName = Release;
		};
		019A5A9D24659E45007650BD /* Build configuration list for PBXNativeTarget "VIPER Demo" */ = {
			isa = XCConfigurationList;
			buildConfigurations = (
				019A5A9E24659E45007650BD /* Debug */,
				019A5A9F24659E45007650BD /* Release */,
			);
			defaultConfigurationIsVisible = 0;
			defaultConfigurationName = Release;
		};
/* End XCConfigurationList section */

/* Begin XCRemoteSwiftPackageReference section */
		01B8FD7A247C404900950C50 /* XCRemoteSwiftPackageReference "RxSwift" */ = {
			isa = XCRemoteSwiftPackageReference;
			repositoryURL = "https://github.com/ReactiveX/RxSwift.git";
			requirement = {
				kind = upToNextMajorVersion;
				minimumVersion = 5.1.1;
			};
		};
		01B8FD7D247C406F00950C50 /* XCRemoteSwiftPackageReference "SDWebImage" */ = {
			isa = XCRemoteSwiftPackageReference;
			repositoryURL = "https://github.com/SDWebImage/SDWebImage";
			requirement = {
				kind = upToNextMajorVersion;
				minimumVersion = 5.8.0;
			};
		};
/* End XCRemoteSwiftPackageReference section */

/* Begin XCSwiftPackageProductDependency section */
		01B8FD7B247C404900950C50 /* RxSwift */ = {
			isa = XCSwiftPackageProductDependency;
			package = 01B8FD7A247C404900950C50 /* XCRemoteSwiftPackageReference "RxSwift" */;
			productName = RxSwift;
		};
		01B8FD7E247C407000950C50 /* SDWebImage */ = {
			isa = XCSwiftPackageProductDependency;
			package = 01B8FD7D247C406F00950C50 /* XCRemoteSwiftPackageReference "SDWebImage" */;
			productName = SDWebImage;
		};
/* End XCSwiftPackageProductDependency section */
	};
	rootObject = 019A5A8124659E42007650BD /* Project object */;
}
